
Microsoft Visual Studio Solution File, Format Version 12.00
# Visual Studio 15
VisualStudioVersion = 15.0.28307.572
MinimumVisualStudioVersion = 10.0.40219.1
Project("{FAE04EC0-301F-11D3-BF4B-00C04F79EFBC}") = "TestMagnatUI", "TestMagnat\TestMagnatUI.csproj", "{F53826EF-DDFF-4169-9C43-BDECD4A384DF}"
EndProject
Project("{FAE04EC0-301F-11D3-BF4B-00C04F79EFBC}") = "TestMagnatBL", "TestMagnatBL\TestMagnatBL.csproj", "{040792C8-D421-4A39-90E3-64A713EAA3C3}"
EndProject
Global
	GlobalSection(SolutionConfigurationPlatforms) = preSolution
		Debug|Any CPU = Debug|Any CPU
		Release|Any CPU = Release|Any CPU
	EndGlobalSection
	GlobalSection(ProjectConfigurationPlatforms) = postSolution
		{F53826EF-DDFF-4169-9C43-BDECD4A384DF}.Debug|Any CPU.ActiveCfg = Debug|Any CPU
		{F53826EF-DDFF-4169-9C43-BDECD4A384DF}.Debug|Any CPU.Build.0 = Debug|Any CPU
		{F53826EF-DDFF-4169-9C43-BDECD4A384DF}.Release|Any CPU.ActiveCfg = Release|Any CPU
		{F53826EF-DDFF-4169-9C43-BDECD4A384DF}.Release|Any CPU.Build.0 = Release|Any CPU
		{040792C8-D421-4A39-90E3-64A713EAA3C3}.Debug|Any CPU.ActiveCfg = Debug|Any CPU
		{040792C8-D421-4A39-90E3-64A713EAA3C3}.Debug|Any CPU.Build.0 = Debug|Any CPU
		{040792C8-D421-4A39-90E3-64A713EAA3C3}.Release|Any CPU.ActiveCfg = Release|Any CPU
		{040792C8-D421-4A39-90E3-64A713EAA3C3}.Release|Any CPU.Build.0 = Release|Any CPU
	EndGlobalSection
	GlobalSection(SolutionProperties) = preSolution
		HideSolutionNode = FALSE
	EndGlobalSection
	GlobalSection(ExtensibilityGlobals) = postSolution
		SolutionGuid = {439C12DF-7774-4F20-A70C-060585F70221}
	EndGlobalSection
EndGlobal
